// !$*UTF8*$!
{
	archiveVersion = 1;
	classes = {
	};
	objectVersion = 51;
	objects = {

/* Begin PBXBuildFile section */
		0BD5BA527C4D768B98C21749 /* Pods_SYNovelbb.framework in Frameworks */ = {isa = PBXBuildFile; fileRef = D6B6E642108756F412BE15E8 /* Pods_SYNovelbb.framework */; };
		50B5A2E0E46BAD0B2FA1EF79 /* Pods_SYNovelbb_SYNovelbbUITests.framework in Frameworks */ = {isa = PBXBuildFile; fileRef = 3A81DDD98061C368E5F20417 /* Pods_SYNovelbb_SYNovelbbUITests.framework */; };
		7B34623424C95A560090ACFF /* UIColor+Extension.swift in Sources */ = {isa = PBXBuildFile; fileRef = 7B34623324C95A560090ACFF /* UIColor+Extension.swift */; };
		7B34623724C9668D0090ACFF /* SYBaseVC.swift in Sources */ = {isa = PBXBuildFile; fileRef = 7B34623624C9668D0090ACFF /* SYBaseVC.swift */; };
		7B34623924C967CD0090ACFF /* SYFeaturedVC.swift in Sources */ = {isa = PBXBuildFile; fileRef = 7B34623824C967CD0090ACFF /* SYFeaturedVC.swift */; };
		7B34624324C97FB90090ACFF /* SYHomeVC.swift in Sources */ = {isa = PBXBuildFile; fileRef = 7B34624224C97FB90090ACFF /* SYHomeVC.swift */; };
		7B34624824C982CA0090ACFF /* LogManager.swift in Sources */ = {isa = PBXBuildFile; fileRef = 7B34624724C982CA0090ACFF /* LogManager.swift */; };
		7B34624A24C983920090ACFF /* SYBaseVM.swift in Sources */ = {isa = PBXBuildFile; fileRef = 7B34624924C983920090ACFF /* SYBaseVM.swift */; };
		7B34624C24C9871B0090ACFF /* SYHomeVM.swift in Sources */ = {isa = PBXBuildFile; fileRef = 7B34624B24C9871B0090ACFF /* SYHomeVM.swift */; };
		7B34624F24C987D50090ACFF /* SYRefreshServer.swift in Sources */ = {isa = PBXBuildFile; fileRef = 7B34624E24C987D50090ACFF /* SYRefreshServer.swift */; };
		7B34625124C9899B0090ACFF /* SYPageModel.swift in Sources */ = {isa = PBXBuildFile; fileRef = 7B34625024C9899B0090ACFF /* SYPageModel.swift */; };
		7B34625424C98BCC0090ACFF /* BehaviorRelay+Extension.swift in Sources */ = {isa = PBXBuildFile; fileRef = 7B34625324C98BCC0090ACFF /* BehaviorRelay+Extension.swift */; };
		7B34625624C992730090ACFF /* SYIndexModel.swift in Sources */ = {isa = PBXBuildFile; fileRef = 7B34625524C992730090ACFF /* SYIndexModel.swift */; };
		7B3643CB24C91E8C0025B65B /* R.generated.swift in Sources */ = {isa = PBXBuildFile; fileRef = 7B3643CA24C91E8C0025B65B /* R.generated.swift */; };
		7B3643CD24C922E60025B65B /* SYSingle+ModelMapper.swift in Sources */ = {isa = PBXBuildFile; fileRef = 7B3643CC24C922E60025B65B /* SYSingle+ModelMapper.swift */; };
		7B3643CF24C9250C0025B65B /* SYResponseModel.swift in Sources */ = {isa = PBXBuildFile; fileRef = 7B3643CE24C9250C0025B65B /* SYResponseModel.swift */; };
		7B3643D124C928920025B65B /* SYResponse+ModelMapper.swift in Sources */ = {isa = PBXBuildFile; fileRef = 7B3643D024C928920025B65B /* SYResponse+ModelMapper.swift */; };
		7B3643D524C934C20025B65B /* UIDevice+Extension.swift in Sources */ = {isa = PBXBuildFile; fileRef = 7B3643D424C934C20025B65B /* UIDevice+Extension.swift */; };
		7B3643D824C9524E0025B65B /* SYNavigationController.swift in Sources */ = {isa = PBXBuildFile; fileRef = 7B3643D724C9524E0025B65B /* SYNavigationController.swift */; };
		7B3643DB24C955B50025B65B /* SYAppDelegate+log.swift in Sources */ = {isa = PBXBuildFile; fileRef = 7B3643DA24C955B50025B65B /* SYAppDelegate+log.swift */; };
		7B813C6924CA858D00614BF6 /* SYBookStyle1Cell.swift in Sources */ = {isa = PBXBuildFile; fileRef = 7B813C6824CA858D00614BF6 /* SYBookStyle1Cell.swift */; };
		7B813C6B24CA862A00614BF6 /* SYHomeSlideHeader.swift in Sources */ = {isa = PBXBuildFile; fileRef = 7B813C6A24CA862A00614BF6 /* SYHomeSlideHeader.swift */; };
		7B847CFA24CE606200E9ADFD /* SYBookStyle3Cell.swift in Sources */ = {isa = PBXBuildFile; fileRef = 7B847CF924CE606200E9ADFD /* SYBookStyle3Cell.swift */; };
		7B847CFF24CE733F00E9ADFD /* SYGenderVC.swift in Sources */ = {isa = PBXBuildFile; fileRef = 7B847CFE24CE733F00E9ADFD /* SYGenderVC.swift */; };
		7B847D0224CE73B900E9ADFD /* SYGenderVM.swift in Sources */ = {isa = PBXBuildFile; fileRef = 7B847D0124CE73B900E9ADFD /* SYGenderVM.swift */; };
		7B847D0624CE798400E9ADFD /* SYGenderModel.swift in Sources */ = {isa = PBXBuildFile; fileRef = 7B847D0524CE798400E9ADFD /* SYGenderModel.swift */; };
		7B847D0824CE7A4A00E9ADFD /* SYGenderIndexModel.swift in Sources */ = {isa = PBXBuildFile; fileRef = 7B847D0724CE7A4A00E9ADFD /* SYGenderIndexModel.swift */; };
		7B847D0B24CE7E9C00E9ADFD /* SYGenderSlideHeader.swift in Sources */ = {isa = PBXBuildFile; fileRef = 7B847D0A24CE7E9C00E9ADFD /* SYGenderSlideHeader.swift */; };
		7B847D1024CE9D1B00E9ADFD /* Library.storyboard in Resources */ = {isa = PBXBuildFile; fileRef = 7B847D0F24CE9D1B00E9ADFD /* Library.storyboard */; };
		7B847D1224CE9D4E00E9ADFD /* SYLibraryVC.swift in Sources */ = {isa = PBXBuildFile; fileRef = 7B847D1124CE9D4E00E9ADFD /* SYLibraryVC.swift */; };
		7B847D1524CEAB0C00E9ADFD /* SYLibrayNormalHeader.swift in Sources */ = {isa = PBXBuildFile; fileRef = 7B847D1424CEAB0C00E9ADFD /* SYLibrayNormalHeader.swift */; };
		7B847D1724CEAB2300E9ADFD /* SYLibraryEditHeader.swift in Sources */ = {isa = PBXBuildFile; fileRef = 7B847D1624CEAB2300E9ADFD /* SYLibraryEditHeader.swift */; };
		7B847D1A24CEB4D000E9ADFD /* SYLibraryVM.swift in Sources */ = {isa = PBXBuildFile; fileRef = 7B847D1924CEB4D000E9ADFD /* SYLibraryVM.swift */; };
		7B847D1C24CEBA3A00E9ADFD /* SYBaseBookModel.swift in Sources */ = {isa = PBXBuildFile; fileRef = 7B847D1B24CEBA3A00E9ADFD /* SYBaseBookModel.swift */; };
		7B847D2324CED67C00E9ADFD /* SYLibraryCell.swift in Sources */ = {isa = PBXBuildFile; fileRef = 7B847D2224CED67C00E9ADFD /* SYLibraryCell.swift */; };
		7B96024C24CAE76C009FCACA /* SYBookStyle2Cell.swift in Sources */ = {isa = PBXBuildFile; fileRef = 7B96024B24CAE76C009FCACA /* SYBookStyle2Cell.swift */; };
		7B9739E824CAD47C00F36546 /* SYHomeNormalHeader.swift in Sources */ = {isa = PBXBuildFile; fileRef = 7B9739E724CAD47C00F36546 /* SYHomeNormalHeader.swift */; };
		7B99BC7D24C80C80003FF4E1 /* SYAppDelegate.swift in Sources */ = {isa = PBXBuildFile; fileRef = 7B99BC7C24C80C80003FF4E1 /* SYAppDelegate.swift */; };
		7B99BC8624C80C81003FF4E1 /* Assets.xcassets in Resources */ = {isa = PBXBuildFile; fileRef = 7B99BC8524C80C81003FF4E1 /* Assets.xcassets */; };
		7B99BC8924C80C81003FF4E1 /* LaunchScreen.storyboard in Resources */ = {isa = PBXBuildFile; fileRef = 7B99BC8724C80C81003FF4E1 /* LaunchScreen.storyboard */; };
		7B99BC9424C80C81003FF4E1 /* SYNovelbbTests.swift in Sources */ = {isa = PBXBuildFile; fileRef = 7B99BC9324C80C81003FF4E1 /* SYNovelbbTests.swift */; };
		7B99BC9F24C80C81003FF4E1 /* SYNovelbbUITests.swift in Sources */ = {isa = PBXBuildFile; fileRef = 7B99BC9E24C80C81003FF4E1 /* SYNovelbbUITests.swift */; };
		7B99BCB224C82D88003FF4E1 /* SYApis.swift in Sources */ = {isa = PBXBuildFile; fileRef = 7B99BCB124C82D88003FF4E1 /* SYApis.swift */; };
		7B99BCB524C8304A003FF4E1 /* SYAppConfigs.swift in Sources */ = {isa = PBXBuildFile; fileRef = 7B99BCB424C8304A003FF4E1 /* SYAppConfigs.swift */; };
		7B99BCB724C83430003FF4E1 /* SYMoyaPlugins.swift in Sources */ = {isa = PBXBuildFile; fileRef = 7B99BCB624C83430003FF4E1 /* SYMoyaPlugins.swift */; };
		7B99BCBC24C843A9003FF4E1 /* SYTabBarController.swift in Sources */ = {isa = PBXBuildFile; fileRef = 7B99BCBB24C843A9003FF4E1 /* SYTabBarController.swift */; };
		7BA2E10424C995B60027A128 /* SYHomeModel.swift in Sources */ = {isa = PBXBuildFile; fileRef = 7BA2E10324C995B60027A128 /* SYHomeModel.swift */; };
		B12D6D8ECE14252E767F1AF4 /* Pods_SYNovelbbTests.framework in Frameworks */ = {isa = PBXBuildFile; fileRef = 12A53077482730934EFBCEDF /* Pods_SYNovelbbTests.framework */; };
/* End PBXBuildFile section */

/* Begin PBXContainerItemProxy section */
		7B99BC9024C80C81003FF4E1 /* PBXContainerItemProxy */ = {
			isa = PBXContainerItemProxy;
			containerPortal = 7B99BC7124C80C80003FF4E1 /* Project object */;
			proxyType = 1;
			remoteGlobalIDString = 7B99BC7824C80C80003FF4E1;
			remoteInfo = SYNovelbb;
		};
		7B99BC9B24C80C81003FF4E1 /* PBXContainerItemProxy */ = {
			isa = PBXContainerItemProxy;
			containerPortal = 7B99BC7124C80C80003FF4E1 /* Project object */;
			proxyType = 1;
			remoteGlobalIDString = 7B99BC7824C80C80003FF4E1;
			remoteInfo = SYNovelbb;
		};
/* End PBXContainerItemProxy section */

/* Begin PBXFileReference section */
		12A53077482730934EFBCEDF /* Pods_SYNovelbbTests.framework */ = {isa = PBXFileReference; explicitFileType = wrapper.framework; includeInIndex = 0; path = Pods_SYNovelbbTests.framework; sourceTree = BUILT_PRODUCTS_DIR; };
		3A81DDD98061C368E5F20417 /* Pods_SYNovelbb_SYNovelbbUITests.framework */ = {isa = PBXFileReference; explicitFileType = wrapper.framework; includeInIndex = 0; path = Pods_SYNovelbb_SYNovelbbUITests.framework; sourceTree = BUILT_PRODUCTS_DIR; };
		427BB2E07AAE7B17F92A1C1D /* Pods-SYNovelbb-SYNovelbbUITests.debug.xcconfig */ = {isa = PBXFileReference; includeInIndex = 1; lastKnownFileType = text.xcconfig; name = "Pods-SYNovelbb-SYNovelbbUITests.debug.xcconfig"; path = "Target Support Files/Pods-SYNovelbb-SYNovelbbUITests/Pods-SYNovelbb-SYNovelbbUITests.debug.xcconfig"; sourceTree = "<group>"; };
		7B34623324C95A560090ACFF /* UIColor+Extension.swift */ = {isa = PBXFileReference; lastKnownFileType = sourcecode.swift; path = "UIColor+Extension.swift"; sourceTree = "<group>"; };
		7B34623624C9668D0090ACFF /* SYBaseVC.swift */ = {isa = PBXFileReference; lastKnownFileType = sourcecode.swift; path = SYBaseVC.swift; sourceTree = "<group>"; };
		7B34623824C967CD0090ACFF /* SYFeaturedVC.swift */ = {isa = PBXFileReference; lastKnownFileType = sourcecode.swift; path = SYFeaturedVC.swift; sourceTree = "<group>"; };
		7B34624224C97FB90090ACFF /* SYHomeVC.swift */ = {isa = PBXFileReference; lastKnownFileType = sourcecode.swift; path = SYHomeVC.swift; sourceTree = "<group>"; };
		7B34624724C982CA0090ACFF /* LogManager.swift */ = {isa = PBXFileReference; lastKnownFileType = sourcecode.swift; path = LogManager.swift; sourceTree = "<group>"; };
		7B34624924C983920090ACFF /* SYBaseVM.swift */ = {isa = PBXFileReference; lastKnownFileType = sourcecode.swift; path = SYBaseVM.swift; sourceTree = "<group>"; };
		7B34624B24C9871B0090ACFF /* SYHomeVM.swift */ = {isa = PBXFileReference; lastKnownFileType = sourcecode.swift; path = SYHomeVM.swift; sourceTree = "<group>"; };
		7B34624E24C987D50090ACFF /* SYRefreshServer.swift */ = {isa = PBXFileReference; lastKnownFileType = sourcecode.swift; path = SYRefreshServer.swift; sourceTree = "<group>"; };
		7B34625024C9899B0090ACFF /* SYPageModel.swift */ = {isa = PBXFileReference; lastKnownFileType = sourcecode.swift; path = SYPageModel.swift; sourceTree = "<group>"; };
		7B34625324C98BCC0090ACFF /* BehaviorRelay+Extension.swift */ = {isa = PBXFileReference; lastKnownFileType = sourcecode.swift; path = "BehaviorRelay+Extension.swift"; sourceTree = "<group>"; };
		7B34625524C992730090ACFF /* SYIndexModel.swift */ = {isa = PBXFileReference; lastKnownFileType = sourcecode.swift; path = SYIndexModel.swift; sourceTree = "<group>"; };
		7B3643CA24C91E8C0025B65B /* R.generated.swift */ = {isa = PBXFileReference; fileEncoding = 4; lastKnownFileType = sourcecode.swift; path = R.generated.swift; sourceTree = "<group>"; };
		7B3643CC24C922E60025B65B /* SYSingle+ModelMapper.swift */ = {isa = PBXFileReference; lastKnownFileType = sourcecode.swift; path = "SYSingle+ModelMapper.swift"; sourceTree = "<group>"; };
		7B3643CE24C9250C0025B65B /* SYResponseModel.swift */ = {isa = PBXFileReference; lastKnownFileType = sourcecode.swift; path = SYResponseModel.swift; sourceTree = "<group>"; };
		7B3643D024C928920025B65B /* SYResponse+ModelMapper.swift */ = {isa = PBXFileReference; lastKnownFileType = sourcecode.swift; path = "SYResponse+ModelMapper.swift"; sourceTree = "<group>"; };
		7B3643D424C934C20025B65B /* UIDevice+Extension.swift */ = {isa = PBXFileReference; lastKnownFileType = sourcecode.swift; path = "UIDevice+Extension.swift"; sourceTree = "<group>"; };
		7B3643D624C937AF0025B65B /* SYNovelbb-Bridging-Header.h */ = {isa = PBXFileReference; lastKnownFileType = sourcecode.c.h; path = "SYNovelbb-Bridging-Header.h"; sourceTree = "<group>"; };
		7B3643D724C9524E0025B65B /* SYNavigationController.swift */ = {isa = PBXFileReference; lastKnownFileType = sourcecode.swift; path = SYNavigationController.swift; sourceTree = "<group>"; };
		7B3643DA24C955B50025B65B /* SYAppDelegate+log.swift */ = {isa = PBXFileReference; lastKnownFileType = sourcecode.swift; path = "SYAppDelegate+log.swift"; sourceTree = "<group>"; };
		7B813C6824CA858D00614BF6 /* SYBookStyle1Cell.swift */ = {isa = PBXFileReference; lastKnownFileType = sourcecode.swift; path = SYBookStyle1Cell.swift; sourceTree = "<group>"; };
		7B813C6A24CA862A00614BF6 /* SYHomeSlideHeader.swift */ = {isa = PBXFileReference; lastKnownFileType = sourcecode.swift; path = SYHomeSlideHeader.swift; sourceTree = "<group>"; };
		7B847CF924CE606200E9ADFD /* SYBookStyle3Cell.swift */ = {isa = PBXFileReference; lastKnownFileType = sourcecode.swift; path = SYBookStyle3Cell.swift; sourceTree = "<group>"; };
		7B847CFE24CE733F00E9ADFD /* SYGenderVC.swift */ = {isa = PBXFileReference; lastKnownFileType = sourcecode.swift; path = SYGenderVC.swift; sourceTree = "<group>"; };
		7B847D0124CE73B900E9ADFD /* SYGenderVM.swift */ = {isa = PBXFileReference; lastKnownFileType = sourcecode.swift; path = SYGenderVM.swift; sourceTree = "<group>"; };
		7B847D0524CE798400E9ADFD /* SYGenderModel.swift */ = {isa = PBXFileReference; lastKnownFileType = sourcecode.swift; path = SYGenderModel.swift; sourceTree = "<group>"; };
		7B847D0724CE7A4A00E9ADFD /* SYGenderIndexModel.swift */ = {isa = PBXFileReference; lastKnownFileType = sourcecode.swift; path = SYGenderIndexModel.swift; sourceTree = "<group>"; };
		7B847D0A24CE7E9C00E9ADFD /* SYGenderSlideHeader.swift */ = {isa = PBXFileReference; lastKnownFileType = sourcecode.swift; path = SYGenderSlideHeader.swift; sourceTree = "<group>"; };
		7B847D0F24CE9D1B00E9ADFD /* Library.storyboard */ = {isa = PBXFileReference; lastKnownFileType = file.storyboard; path = Library.storyboard; sourceTree = "<group>"; };
		7B847D1124CE9D4E00E9ADFD /* SYLibraryVC.swift */ = {isa = PBXFileReference; lastKnownFileType = sourcecode.swift; path = SYLibraryVC.swift; sourceTree = "<group>"; };
		7B847D1424CEAB0C00E9ADFD /* SYLibrayNormalHeader.swift */ = {isa = PBXFileReference; lastKnownFileType = sourcecode.swift; path = SYLibrayNormalHeader.swift; sourceTree = "<group>"; };
		7B847D1624CEAB2300E9ADFD /* SYLibraryEditHeader.swift */ = {isa = PBXFileReference; lastKnownFileType = sourcecode.swift; path = SYLibraryEditHeader.swift; sourceTree = "<group>"; };
		7B847D1924CEB4D000E9ADFD /* SYLibraryVM.swift */ = {isa = PBXFileReference; lastKnownFileType = sourcecode.swift; path = SYLibraryVM.swift; sourceTree = "<group>"; };
		7B847D1B24CEBA3A00E9ADFD /* SYBaseBookModel.swift */ = {isa = PBXFileReference; lastKnownFileType = sourcecode.swift; path = SYBaseBookModel.swift; sourceTree = "<group>"; };
		7B847D2224CED67C00E9ADFD /* SYLibraryCell.swift */ = {isa = PBXFileReference; lastKnownFileType = sourcecode.swift; path = SYLibraryCell.swift; sourceTree = "<group>"; };
		7B96024B24CAE76C009FCACA /* SYBookStyle2Cell.swift */ = {isa = PBXFileReference; lastKnownFileType = sourcecode.swift; path = SYBookStyle2Cell.swift; sourceTree = "<group>"; };
		7B9739E724CAD47C00F36546 /* SYHomeNormalHeader.swift */ = {isa = PBXFileReference; lastKnownFileType = sourcecode.swift; path = SYHomeNormalHeader.swift; sourceTree = "<group>"; };
		7B99BC7924C80C80003FF4E1 /* Novelbb.app */ = {isa = PBXFileReference; explicitFileType = wrapper.application; includeInIndex = 0; path = Novelbb.app; sourceTree = BUILT_PRODUCTS_DIR; };
		7B99BC7C24C80C80003FF4E1 /* SYAppDelegate.swift */ = {isa = PBXFileReference; lastKnownFileType = sourcecode.swift; path = SYAppDelegate.swift; sourceTree = "<group>"; };
		7B99BC8524C80C81003FF4E1 /* Assets.xcassets */ = {isa = PBXFileReference; lastKnownFileType = folder.assetcatalog; path = Assets.xcassets; sourceTree = "<group>"; };
		7B99BC8824C80C81003FF4E1 /* Base */ = {isa = PBXFileReference; lastKnownFileType = file.storyboard; name = Base; path = Base.lproj/LaunchScreen.storyboard; sourceTree = "<group>"; };
		7B99BC8A24C80C81003FF4E1 /* Info.plist */ = {isa = PBXFileReference; lastKnownFileType = text.plist.xml; path = Info.plist; sourceTree = "<group>"; };
		7B99BC8F24C80C81003FF4E1 /* SYNovelbbTests.xctest */ = {isa = PBXFileReference; explicitFileType = wrapper.cfbundle; includeInIndex = 0; path = SYNovelbbTests.xctest; sourceTree = BUILT_PRODUCTS_DIR; };
		7B99BC9324C80C81003FF4E1 /* SYNovelbbTests.swift */ = {isa = PBXFileReference; lastKnownFileType = sourcecode.swift; path = SYNovelbbTests.swift; sourceTree = "<group>"; };
		7B99BC9524C80C81003FF4E1 /* Info.plist */ = {isa = PBXFileReference; lastKnownFileType = text.plist.xml; path = Info.plist; sourceTree = "<group>"; };
		7B99BC9A24C80C81003FF4E1 /* SYNovelbbUITests.xctest */ = {isa = PBXFileReference; explicitFileType = wrapper.cfbundle; includeInIndex = 0; path = SYNovelbbUITests.xctest; sourceTree = BUILT_PRODUCTS_DIR; };
		7B99BC9E24C80C81003FF4E1 /* SYNovelbbUITests.swift */ = {isa = PBXFileReference; lastKnownFileType = sourcecode.swift; path = SYNovelbbUITests.swift; sourceTree = "<group>"; };
		7B99BCA024C80C81003FF4E1 /* Info.plist */ = {isa = PBXFileReference; lastKnownFileType = text.plist.xml; path = Info.plist; sourceTree = "<group>"; };
		7B99BCB124C82D88003FF4E1 /* SYApis.swift */ = {isa = PBXFileReference; lastKnownFileType = sourcecode.swift; path = SYApis.swift; sourceTree = "<group>"; };
		7B99BCB424C8304A003FF4E1 /* SYAppConfigs.swift */ = {isa = PBXFileReference; lastKnownFileType = sourcecode.swift; path = SYAppConfigs.swift; sourceTree = "<group>"; };
		7B99BCB624C83430003FF4E1 /* SYMoyaPlugins.swift */ = {isa = PBXFileReference; lastKnownFileType = sourcecode.swift; path = SYMoyaPlugins.swift; sourceTree = "<group>"; };
		7B99BCBB24C843A9003FF4E1 /* SYTabBarController.swift */ = {isa = PBXFileReference; lastKnownFileType = sourcecode.swift; path = SYTabBarController.swift; sourceTree = "<group>"; };
		7BA2E10324C995B60027A128 /* SYHomeModel.swift */ = {isa = PBXFileReference; lastKnownFileType = sourcecode.swift; path = SYHomeModel.swift; sourceTree = "<group>"; };
		BF4056E2A7DFF2964AAD32AF /* Pods-SYNovelbb.debug.xcconfig */ = {isa = PBXFileReference; includeInIndex = 1; lastKnownFileType = text.xcconfig; name = "Pods-SYNovelbb.debug.xcconfig"; path = "Target Support Files/Pods-SYNovelbb/Pods-SYNovelbb.debug.xcconfig"; sourceTree = "<group>"; };
		CE6468949C419153F8764CFB /* Pods-SYNovelbb-SYNovelbbUITests.release.xcconfig */ = {isa = PBXFileReference; includeInIndex = 1; lastKnownFileType = text.xcconfig; name = "Pods-SYNovelbb-SYNovelbbUITests.release.xcconfig"; path = "Target Support Files/Pods-SYNovelbb-SYNovelbbUITests/Pods-SYNovelbb-SYNovelbbUITests.release.xcconfig"; sourceTree = "<group>"; };
		D6B6E642108756F412BE15E8 /* Pods_SYNovelbb.framework */ = {isa = PBXFileReference; explicitFileType = wrapper.framework; includeInIndex = 0; path = Pods_SYNovelbb.framework; sourceTree = BUILT_PRODUCTS_DIR; };
		E6C7116BFF8A8CFE1F1426D8 /* Pods-SYNovelbbTests.release.xcconfig */ = {isa = PBXFileReference; includeInIndex = 1; lastKnownFileType = text.xcconfig; name = "Pods-SYNovelbbTests.release.xcconfig"; path = "Target Support Files/Pods-SYNovelbbTests/Pods-SYNovelbbTests.release.xcconfig"; sourceTree = "<group>"; };
		ECD1E6604FB17EF283C2A70F /* Pods-SYNovelbb.release.xcconfig */ = {isa = PBXFileReference; includeInIndex = 1; lastKnownFileType = text.xcconfig; name = "Pods-SYNovelbb.release.xcconfig"; path = "Target Support Files/Pods-SYNovelbb/Pods-SYNovelbb.release.xcconfig"; sourceTree = "<group>"; };
		F9376D676453C7578AF1EE76 /* Pods-SYNovelbbTests.debug.xcconfig */ = {isa = PBXFileReference; includeInIndex = 1; lastKnownFileType = text.xcconfig; name = "Pods-SYNovelbbTests.debug.xcconfig"; path = "Target Support Files/Pods-SYNovelbbTests/Pods-SYNovelbbTests.debug.xcconfig"; sourceTree = "<group>"; };
/* End PBXFileReference section */

/* Begin PBXFrameworksBuildPhase section */
		7B99BC7624C80C80003FF4E1 /* Frameworks */ = {
			isa = PBXFrameworksBuildPhase;
			buildActionMask = 2147483647;
			files = (
				0BD5BA527C4D768B98C21749 /* Pods_SYNovelbb.framework in Frameworks */,
			);
			runOnlyForDeploymentPostprocessing = 0;
		};
		7B99BC8C24C80C81003FF4E1 /* Frameworks */ = {
			isa = PBXFrameworksBuildPhase;
			buildActionMask = 2147483647;
			files = (
				B12D6D8ECE14252E767F1AF4 /* Pods_SYNovelbbTests.framework in Frameworks */,
			);
			runOnlyForDeploymentPostprocessing = 0;
		};
		7B99BC9724C80C81003FF4E1 /* Frameworks */ = {
			isa = PBXFrameworksBuildPhase;
			buildActionMask = 2147483647;
			files = (
				50B5A2E0E46BAD0B2FA1EF79 /* Pods_SYNovelbb_SYNovelbbUITests.framework in Frameworks */,
			);
			runOnlyForDeploymentPostprocessing = 0;
		};
/* End PBXFrameworksBuildPhase section */

/* Begin PBXGroup section */
		7B34623224C95A410090ACFF /* UIColor */ = {
			isa = PBXGroup;
			children = (
				7B34623324C95A560090ACFF /* UIColor+Extension.swift */,
			);
			path = UIColor;
			sourceTree = "<group>";
		};
		7B34623E24C97E0C0090ACFF /* Home */ = {
			isa = PBXGroup;
			children = (
				7B813C6724CA854700614BF6 /* View */,
				7B34624D24C987370090ACFF /* Model */,
				7B34624424C981D00090ACFF /* ViewModel */,
				7B34624124C97F4B0090ACFF /* Controller */,
			);
			path = Home;
			sourceTree = "<group>";
		};
		7B34623F24C97E180090ACFF /* Gender */ = {
			isa = PBXGroup;
			children = (
				7B847D0324CE748E00E9ADFD /* View */,
				7B847D0424CE791D00E9ADFD /* Model */,
				7B847D0024CE739C00E9ADFD /* ViewModel */,
				7B847CFB24CE72D600E9ADFD /* Controller */,
			);
			path = Gender;
			sourceTree = "<group>";
		};
		7B34624124C97F4B0090ACFF /* Controller */ = {
			isa = PBXGroup;
			children = (
				7B34624224C97FB90090ACFF /* SYHomeVC.swift */,
			);
			path = Controller;
			sourceTree = "<group>";
		};
		7B34624424C981D00090ACFF /* ViewModel */ = {
			isa = PBXGroup;
			children = (
				7B34624B24C9871B0090ACFF /* SYHomeVM.swift */,
			);
			path = ViewModel;
			sourceTree = "<group>";
		};
		7B34624524C982AB0090ACFF /* Utils */ = {
			isa = PBXGroup;
			children = (
				7B34624624C982B30090ACFF /* Manager */,
			);
			path = Utils;
			sourceTree = "<group>";
		};
		7B34624624C982B30090ACFF /* Manager */ = {
			isa = PBXGroup;
			children = (
				7B34624724C982CA0090ACFF /* LogManager.swift */,
			);
			path = Manager;
			sourceTree = "<group>";
		};
		7B34624D24C987370090ACFF /* Model */ = {
			isa = PBXGroup;
			children = (
				7B34625524C992730090ACFF /* SYIndexModel.swift */,
				7BA2E10324C995B60027A128 /* SYHomeModel.swift */,
			);
			path = Model;
			sourceTree = "<group>";
		};
		7B34625224C98BB20090ACFF /* BehaviorRelay */ = {
			isa = PBXGroup;
			children = (
				7B34625324C98BCC0090ACFF /* BehaviorRelay+Extension.swift */,
			);
			path = BehaviorRelay;
			sourceTree = "<group>";
		};
		7B3643D224C9348F0025B65B /* Extensions */ = {
			isa = PBXGroup;
			children = (
				7B34625224C98BB20090ACFF /* BehaviorRelay */,
				7B34623224C95A410090ACFF /* UIColor */,
				7B3643D324C9349F0025B65B /* UIDevice */,
			);
			path = Extensions;
			sourceTree = "<group>";
		};
		7B3643D324C9349F0025B65B /* UIDevice */ = {
			isa = PBXGroup;
			children = (
				7B3643D424C934C20025B65B /* UIDevice+Extension.swift */,
			);
			path = UIDevice;
			sourceTree = "<group>";
		};
		7B3643D924C9553E0025B65B /* Base */ = {
			isa = PBXGroup;
			children = (
				7B3643D724C9524E0025B65B /* SYNavigationController.swift */,
				7B99BCBB24C843A9003FF4E1 /* SYTabBarController.swift */,
				7B34623624C9668D0090ACFF /* SYBaseVC.swift */,
				7B34624924C983920090ACFF /* SYBaseVM.swift */,
				7B34624E24C987D50090ACFF /* SYRefreshServer.swift */,
				7B34625024C9899B0090ACFF /* SYPageModel.swift */,
				7B847D1B24CEBA3A00E9ADFD /* SYBaseBookModel.swift */,
			);
			path = Base;
			sourceTree = "<group>";
		};
		7B813C6724CA854700614BF6 /* View */ = {
			isa = PBXGroup;
			children = (
				7BA4DF3224CAD30A000663F6 /* header */,
				7BA4DF3124CAD305000663F6 /* cell */,
			);
			path = View;
			sourceTree = "<group>";
		};
		7B847CFB24CE72D600E9ADFD /* Controller */ = {
			isa = PBXGroup;
			children = (
				7B847CFE24CE733F00E9ADFD /* SYGenderVC.swift */,
			);
			path = Controller;
			sourceTree = "<group>";
		};
		7B847D0024CE739C00E9ADFD /* ViewModel */ = {
			isa = PBXGroup;
			children = (
				7B847D0124CE73B900E9ADFD /* SYGenderVM.swift */,
			);
			path = ViewModel;
			sourceTree = "<group>";
		};
		7B847D0324CE748E00E9ADFD /* View */ = {
			isa = PBXGroup;
			children = (
				7B847D0924CE7E7B00E9ADFD /* Header */,
			);
			path = View;
			sourceTree = "<group>";
		};
		7B847D0424CE791D00E9ADFD /* Model */ = {
			isa = PBXGroup;
			children = (
				7B847D0724CE7A4A00E9ADFD /* SYGenderIndexModel.swift */,
				7B847D0524CE798400E9ADFD /* SYGenderModel.swift */,
			);
			path = Model;
			sourceTree = "<group>";
		};
		7B847D0924CE7E7B00E9ADFD /* Header */ = {
			isa = PBXGroup;
			children = (
				7B847D0A24CE7E9C00E9ADFD /* SYGenderSlideHeader.swift */,
			);
			path = Header;
			sourceTree = "<group>";
		};
		7B847D0C24CE9C8600E9ADFD /* Library */ = {
			isa = PBXGroup;
			children = (
				7B847D0E24CE9D0000E9ADFD /* View */,
				7B847D1824CEB47200E9ADFD /* ViewModel */,
				7B847D0D24CE9CB600E9ADFD /* Controller */,
			);
			path = Library;
			sourceTree = "<group>";
		};
		7B847D0D24CE9CB600E9ADFD /* Controller */ = {
			isa = PBXGroup;
			children = (
				7B847D1124CE9D4E00E9ADFD /* SYLibraryVC.swift */,
			);
			path = Controller;
			sourceTree = "<group>";
		};
		7B847D0E24CE9D0000E9ADFD /* View */ = {
			isa = PBXGroup;
			children = (
				7B847D1324CEA32400E9ADFD /* Cell */,
				7B847D0F24CE9D1B00E9ADFD /* Library.storyboard */,
			);
			path = View;
			sourceTree = "<group>";
		};
		7B847D1324CEA32400E9ADFD /* Cell */ = {
			isa = PBXGroup;
			children = (
				7B847D2024CED64500E9ADFD /* Header */,
				7B847D2124CED64E00E9ADFD /* Cell */,
			);
			path = Cell;
			sourceTree = "<group>";
		};
		7B847D1824CEB47200E9ADFD /* ViewModel */ = {
			isa = PBXGroup;
			children = (
				7B847D1924CEB4D000E9ADFD /* SYLibraryVM.swift */,
			);
			path = ViewModel;
			sourceTree = "<group>";
		};
		7B847D2024CED64500E9ADFD /* Header */ = {
			isa = PBXGroup;
			children = (
				7B847D1424CEAB0C00E9ADFD /* SYLibrayNormalHeader.swift */,
				7B847D1624CEAB2300E9ADFD /* SYLibraryEditHeader.swift */,
			);
			path = Header;
			sourceTree = "<group>";
		};
		7B847D2124CED64E00E9ADFD /* Cell */ = {
			isa = PBXGroup;
			children = (
				7B847D2224CED67C00E9ADFD /* SYLibraryCell.swift */,
			);
			path = Cell;
			sourceTree = "<group>";
		};
		7B99BC7024C80C80003FF4E1 = {
			isa = PBXGroup;
			children = (
				7B99BC7B24C80C80003FF4E1 /* SYNovelbb */,
				7B99BC9224C80C81003FF4E1 /* SYNovelbbTests */,
				7B99BC9D24C80C81003FF4E1 /* SYNovelbbUITests */,
				7B99BC7A24C80C80003FF4E1 /* Products */,
				F88954DB11301B941DFC189E /* Pods */,
				C334AC6AECFDE1EFA1DFFC9F /* Frameworks */,
			);
			sourceTree = "<group>";
		};
		7B99BC7A24C80C80003FF4E1 /* Products */ = {
			isa = PBXGroup;
			children = (
				7B99BC7924C80C80003FF4E1 /* Novelbb.app */,
				7B99BC8F24C80C81003FF4E1 /* SYNovelbbTests.xctest */,
				7B99BC9A24C80C81003FF4E1 /* SYNovelbbUITests.xctest */,
			);
			name = Products;
			sourceTree = "<group>";
		};
		7B99BC7B24C80C80003FF4E1 /* SYNovelbb */ = {
			isa = PBXGroup;
			children = (
				7B34624524C982AB0090ACFF /* Utils */,
				7B3643D224C9348F0025B65B /* Extensions */,
				7B99BCB324C82FDB003FF4E1 /* Common */,
				7B99BCB024C82D31003FF4E1 /* Networking */,
				7B99BCAE24C81AC6003FF4E1 /* Module */,
				7B99BCAC24C81985003FF4E1 /* Resources */,
			);
			path = SYNovelbb;
			sourceTree = "<group>";
		};
		7B99BC9224C80C81003FF4E1 /* SYNovelbbTests */ = {
			isa = PBXGroup;
			children = (
				7B99BC9324C80C81003FF4E1 /* SYNovelbbTests.swift */,
				7B99BC9524C80C81003FF4E1 /* Info.plist */,
			);
			path = SYNovelbbTests;
			sourceTree = "<group>";
		};
		7B99BC9D24C80C81003FF4E1 /* SYNovelbbUITests */ = {
			isa = PBXGroup;
			children = (
				7B99BC9E24C80C81003FF4E1 /* SYNovelbbUITests.swift */,
				7B99BCA024C80C81003FF4E1 /* Info.plist */,
			);
			path = SYNovelbbUITests;
			sourceTree = "<group>";
		};
		7B99BCAC24C81985003FF4E1 /* Resources */ = {
			isa = PBXGroup;
			children = (
				7B99BCAD24C81999003FF4E1 /* Assets */,
				7B3643D624C937AF0025B65B /* SYNovelbb-Bridging-Header.h */,
				7B3643CA24C91E8C0025B65B /* R.generated.swift */,
				7B99BC8A24C80C81003FF4E1 /* Info.plist */,
			);
			path = Resources;
			sourceTree = "<group>";
		};
		7B99BCAD24C81999003FF4E1 /* Assets */ = {
			isa = PBXGroup;
			children = (
				7B99BC8524C80C81003FF4E1 /* Assets.xcassets */,
			);
			path = Assets;
			sourceTree = "<group>";
		};
		7B99BCAE24C81AC6003FF4E1 /* Module */ = {
			isa = PBXGroup;
			children = (
				7B3643D924C9553E0025B65B /* Base */,
				7B99BCB824C84362003FF4E1 /* Main */,
				7B99BCAF24C81ACB003FF4E1 /* Featured */,
				7B847D0C24CE9C8600E9ADFD /* Library */,
			);
			path = Module;
			sourceTree = "<group>";
		};
		7B99BCAF24C81ACB003FF4E1 /* Featured */ = {
			isa = PBXGroup;
			children = (
				7B34623E24C97E0C0090ACFF /* Home */,
				7B34623F24C97E180090ACFF /* Gender */,
				7B34623824C967CD0090ACFF /* SYFeaturedVC.swift */,
			);
			path = Featured;
			sourceTree = "<group>";
		};
		7B99BCB024C82D31003FF4E1 /* Networking */ = {
			isa = PBXGroup;
			children = (
				7B99BCB124C82D88003FF4E1 /* SYApis.swift */,
				7B99BCB624C83430003FF4E1 /* SYMoyaPlugins.swift */,
				7B3643CC24C922E60025B65B /* SYSingle+ModelMapper.swift */,
				7B3643D024C928920025B65B /* SYResponse+ModelMapper.swift */,
				7B3643CE24C9250C0025B65B /* SYResponseModel.swift */,
			);
			path = Networking;
			sourceTree = "<group>";
		};
		7B99BCB324C82FDB003FF4E1 /* Common */ = {
			isa = PBXGroup;
			children = (
				7B99BCB424C8304A003FF4E1 /* SYAppConfigs.swift */,
			);
			path = Common;
			sourceTree = "<group>";
		};
		7B99BCB824C84362003FF4E1 /* Main */ = {
			isa = PBXGroup;
			children = (
				7B99BC7C24C80C80003FF4E1 /* SYAppDelegate.swift */,
				7B3643DA24C955B50025B65B /* SYAppDelegate+log.swift */,
				7B99BC8724C80C81003FF4E1 /* LaunchScreen.storyboard */,
			);
			path = Main;
			sourceTree = "<group>";
		};
		7BA4DF3124CAD305000663F6 /* cell */ = {
			isa = PBXGroup;
			children = (
				7B813C6824CA858D00614BF6 /* SYBookStyle1Cell.swift */,
				7B96024B24CAE76C009FCACA /* SYBookStyle2Cell.swift */,
				7B847CF924CE606200E9ADFD /* SYBookStyle3Cell.swift */,
			);
			path = cell;
			sourceTree = "<group>";
		};
		7BA4DF3224CAD30A000663F6 /* header */ = {
			isa = PBXGroup;
			children = (
				7B813C6A24CA862A00614BF6 /* SYHomeSlideHeader.swift */,
				7B9739E724CAD47C00F36546 /* SYHomeNormalHeader.swift */,
			);
			path = header;
			sourceTree = "<group>";
		};
		C334AC6AECFDE1EFA1DFFC9F /* Frameworks */ = {
			isa = PBXGroup;
			children = (
				D6B6E642108756F412BE15E8 /* Pods_SYNovelbb.framework */,
				3A81DDD98061C368E5F20417 /* Pods_SYNovelbb_SYNovelbbUITests.framework */,
				12A53077482730934EFBCEDF /* Pods_SYNovelbbTests.framework */,
			);
			name = Frameworks;
			sourceTree = "<group>";
		};
		F88954DB11301B941DFC189E /* Pods */ = {
			isa = PBXGroup;
			children = (
				BF4056E2A7DFF2964AAD32AF /* Pods-SYNovelbb.debug.xcconfig */,
				ECD1E6604FB17EF283C2A70F /* Pods-SYNovelbb.release.xcconfig */,
				427BB2E07AAE7B17F92A1C1D /* Pods-SYNovelbb-SYNovelbbUITests.debug.xcconfig */,
				CE6468949C419153F8764CFB /* Pods-SYNovelbb-SYNovelbbUITests.release.xcconfig */,
				F9376D676453C7578AF1EE76 /* Pods-SYNovelbbTests.debug.xcconfig */,
				E6C7116BFF8A8CFE1F1426D8 /* Pods-SYNovelbbTests.release.xcconfig */,
			);
			path = Pods;
			sourceTree = "<group>";
		};
/* End PBXGroup section */

/* Begin PBXNativeTarget section */
		7B99BC7824C80C80003FF4E1 /* SYNovelbb */ = {
			isa = PBXNativeTarget;
			buildConfigurationList = 7B99BCA324C80C81003FF4E1 /* Build configuration list for PBXNativeTarget "SYNovelbb" */;
			buildPhases = (
				5160B388CC0CA8CD6AEBFDEB /* [CP] Check Pods Manifest.lock */,
				7B99BCBD24C844E3003FF4E1 /* R.swift */,
				7B99BC7524C80C80003FF4E1 /* Sources */,
				7B99BC7624C80C80003FF4E1 /* Frameworks */,
				7B99BC7724C80C80003FF4E1 /* Resources */,
				148D383D01D2A64C2D0FA1DC /* [CP] Embed Pods Frameworks */,
				83C667944A0EE5564ECEDDB0 /* [CP] Copy Pods Resources */,
			);
			buildRules = (
			);
			dependencies = (
			);
			name = SYNovelbb;
			productName = SYNovelbb;
			productReference = 7B99BC7924C80C80003FF4E1 /* Novelbb.app */;
			productType = "com.apple.product-type.application";
		};
		7B99BC8E24C80C81003FF4E1 /* SYNovelbbTests */ = {
			isa = PBXNativeTarget;
			buildConfigurationList = 7B99BCA624C80C81003FF4E1 /* Build configuration list for PBXNativeTarget "SYNovelbbTests" */;
			buildPhases = (
				789F6DA9E8AD20E619325EAD /* [CP] Check Pods Manifest.lock */,
				7B99BC8B24C80C81003FF4E1 /* Sources */,
				7B99BC8C24C80C81003FF4E1 /* Frameworks */,
				7B99BC8D24C80C81003FF4E1 /* Resources */,
			);
			buildRules = (
			);
			dependencies = (
				7B99BC9124C80C81003FF4E1 /* PBXTargetDependency */,
			);
			name = SYNovelbbTests;
			productName = SYNovelbbTests;
			productReference = 7B99BC8F24C80C81003FF4E1 /* SYNovelbbTests.xctest */;
			productType = "com.apple.product-type.bundle.unit-test";
		};
		7B99BC9924C80C81003FF4E1 /* SYNovelbbUITests */ = {
			isa = PBXNativeTarget;
			buildConfigurationList = 7B99BCA924C80C81003FF4E1 /* Build configuration list for PBXNativeTarget "SYNovelbbUITests" */;
			buildPhases = (
				CACADF8546ACE23386C67DA8 /* [CP] Check Pods Manifest.lock */,
				7B99BC9624C80C81003FF4E1 /* Sources */,
				7B99BC9724C80C81003FF4E1 /* Frameworks */,
				7B99BC9824C80C81003FF4E1 /* Resources */,
				E310E302D5BD07A934C09B2F /* [CP] Embed Pods Frameworks */,
				A1D0FDA94CA41C33BC865F00 /* [CP] Copy Pods Resources */,
			);
			buildRules = (
			);
			dependencies = (
				7B99BC9C24C80C81003FF4E1 /* PBXTargetDependency */,
			);
			name = SYNovelbbUITests;
			productName = SYNovelbbUITests;
			productReference = 7B99BC9A24C80C81003FF4E1 /* SYNovelbbUITests.xctest */;
			productType = "com.apple.product-type.bundle.ui-testing";
		};
/* End PBXNativeTarget section */

/* Begin PBXProject section */
		7B99BC7124C80C80003FF4E1 /* Project object */ = {
			isa = PBXProject;
			attributes = {
				CLASSPREFIX = SY;
				LastSwiftUpdateCheck = 1160;
				LastUpgradeCheck = 1160;
				ORGANIZATIONNAME = Mandora;
				TargetAttributes = {
					7B99BC7824C80C80003FF4E1 = {
						CreatedOnToolsVersion = 11.6;
					};
					7B99BC8E24C80C81003FF4E1 = {
						CreatedOnToolsVersion = 11.6;
						TestTargetID = 7B99BC7824C80C80003FF4E1;
					};
					7B99BC9924C80C81003FF4E1 = {
						CreatedOnToolsVersion = 11.6;
						TestTargetID = 7B99BC7824C80C80003FF4E1;
					};
				};
			};
			buildConfigurationList = 7B99BC7424C80C80003FF4E1 /* Build configuration list for PBXProject "SYNovelbb" */;
			compatibilityVersion = "Xcode 9.3";
			developmentRegion = en;
			hasScannedForEncodings = 0;
			knownRegions = (
				en,
				Base,
			);
			mainGroup = 7B99BC7024C80C80003FF4E1;
			productRefGroup = 7B99BC7A24C80C80003FF4E1 /* Products */;
			projectDirPath = "";
			projectRoot = "";
			targets = (
				7B99BC7824C80C80003FF4E1 /* SYNovelbb */,
				7B99BC8E24C80C81003FF4E1 /* SYNovelbbTests */,
				7B99BC9924C80C81003FF4E1 /* SYNovelbbUITests */,
			);
		};
/* End PBXProject section */

/* Begin PBXResourcesBuildPhase section */
		7B99BC7724C80C80003FF4E1 /* Resources */ = {
			isa = PBXResourcesBuildPhase;
			buildActionMask = 2147483647;
			files = (
				7B99BC8924C80C81003FF4E1 /* LaunchScreen.storyboard in Resources */,
				7B847D1024CE9D1B00E9ADFD /* Library.storyboard in Resources */,
				7B99BC8624C80C81003FF4E1 /* Assets.xcassets in Resources */,
			);
			runOnlyForDeploymentPostprocessing = 0;
		};
		7B99BC8D24C80C81003FF4E1 /* Resources */ = {
			isa = PBXResourcesBuildPhase;
			buildActionMask = 2147483647;
			files = (
			);
			runOnlyForDeploymentPostprocessing = 0;
		};
		7B99BC9824C80C81003FF4E1 /* Resources */ = {
			isa = PBXResourcesBuildPhase;
			buildActionMask = 2147483647;
			files = (
			);
			runOnlyForDeploymentPostprocessing = 0;
		};
/* End PBXResourcesBuildPhase section */

/* Begin PBXShellScriptBuildPhase section */
		148D383D01D2A64C2D0FA1DC /* [CP] Embed Pods Frameworks */ = {
			isa = PBXShellScriptBuildPhase;
			buildActionMask = 2147483647;
			files = (
			);
			inputFileListPaths = (
				"${PODS_ROOT}/Target Support Files/Pods-SYNovelbb/Pods-SYNovelbb-frameworks-${CONFIGURATION}-input-files.xcfilelist",
			);
			name = "[CP] Embed Pods Frameworks";
			outputFileListPaths = (
				"${PODS_ROOT}/Target Support Files/Pods-SYNovelbb/Pods-SYNovelbb-frameworks-${CONFIGURATION}-output-files.xcfilelist",
			);
			runOnlyForDeploymentPostprocessing = 0;
			shellPath = /bin/sh;
			shellScript = "\"${PODS_ROOT}/Target Support Files/Pods-SYNovelbb/Pods-SYNovelbb-frameworks.sh\"\n";
			showEnvVarsInLog = 0;
		};
		5160B388CC0CA8CD6AEBFDEB /* [CP] Check Pods Manifest.lock */ = {
			isa = PBXShellScriptBuildPhase;
			buildActionMask = 2147483647;
			files = (
			);
			inputFileListPaths = (
			);
			inputPaths = (
				"${PODS_PODFILE_DIR_PATH}/Podfile.lock",
				"${PODS_ROOT}/Manifest.lock",
			);
			name = "[CP] Check Pods Manifest.lock";
			outputFileListPaths = (
			);
			outputPaths = (
				"$(DERIVED_FILE_DIR)/Pods-SYNovelbb-checkManifestLockResult.txt",
			);
			runOnlyForDeploymentPostprocessing = 0;
			shellPath = /bin/sh;
			shellScript = "diff \"${PODS_PODFILE_DIR_PATH}/Podfile.lock\" \"${PODS_ROOT}/Manifest.lock\" > /dev/null\nif [ $? != 0 ] ; then\n    # print error to STDERR\n    echo \"error: The sandbox is not in sync with the Podfile.lock. Run 'pod install' or update your CocoaPods installation.\" >&2\n    exit 1\nfi\n# This output is used by Xcode 'outputs' to avoid re-running this script phase.\necho \"SUCCESS\" > \"${SCRIPT_OUTPUT_FILE_0}\"\n";
			showEnvVarsInLog = 0;
		};
		789F6DA9E8AD20E619325EAD /* [CP] Check Pods Manifest.lock */ = {
			isa = PBXShellScriptBuildPhase;
			buildActionMask = 2147483647;
			files = (
			);
			inputFileListPaths = (
			);
			inputPaths = (
				"${PODS_PODFILE_DIR_PATH}/Podfile.lock",
				"${PODS_ROOT}/Manifest.lock",
			);
			name = "[CP] Check Pods Manifest.lock";
			outputFileListPaths = (
			);
			outputPaths = (
				"$(DERIVED_FILE_DIR)/Pods-SYNovelbbTests-checkManifestLockResult.txt",
			);
			runOnlyForDeploymentPostprocessing = 0;
			shellPath = /bin/sh;
			shellScript = "diff \"${PODS_PODFILE_DIR_PATH}/Podfile.lock\" \"${PODS_ROOT}/Manifest.lock\" > /dev/null\nif [ $? != 0 ] ; then\n    # print error to STDERR\n    echo \"error: The sandbox is not in sync with the Podfile.lock. Run 'pod install' or update your CocoaPods installation.\" >&2\n    exit 1\nfi\n# This output is used by Xcode 'outputs' to avoid re-running this script phase.\necho \"SUCCESS\" > \"${SCRIPT_OUTPUT_FILE_0}\"\n";
			showEnvVarsInLog = 0;
		};
		7B99BCBD24C844E3003FF4E1 /* R.swift */ = {
			isa = PBXShellScriptBuildPhase;
			buildActionMask = 2147483647;
			files = (
			);
			inputFileListPaths = (
			);
			inputPaths = (
				"$TEMP_DIR/rswift-lastrun",
			);
			name = R.swift;
			outputFileListPaths = (
			);
			outputPaths = (
				$SRCROOT/SYNovelbb/Resources/R.generated.swift,
			);
			runOnlyForDeploymentPostprocessing = 0;
			shellPath = /bin/sh;
			shellScript = "\"$PODS_ROOT/R.swift/rswift\" generate \"$SRCROOT/SYNovelbb/Resources/R.generated.swift\"\n\n";
		};
		83C667944A0EE5564ECEDDB0 /* [CP] Copy Pods Resources */ = {
			isa = PBXShellScriptBuildPhase;
			buildActionMask = 2147483647;
			files = (
			);
			inputFileListPaths = (
				"${PODS_ROOT}/Target Support Files/Pods-SYNovelbb/Pods-SYNovelbb-resources-${CONFIGURATION}-input-files.xcfilelist",
			);
			name = "[CP] Copy Pods Resources";
			outputFileListPaths = (
				"${PODS_ROOT}/Target Support Files/Pods-SYNovelbb/Pods-SYNovelbb-resources-${CONFIGURATION}-output-files.xcfilelist",
			);
			runOnlyForDeploymentPostprocessing = 0;
			shellPath = /bin/sh;
			shellScript = "\"${PODS_ROOT}/Target Support Files/Pods-SYNovelbb/Pods-SYNovelbb-resources.sh\"\n";
			showEnvVarsInLog = 0;
		};
		A1D0FDA94CA41C33BC865F00 /* [CP] Copy Pods Resources */ = {
			isa = PBXShellScriptBuildPhase;
			buildActionMask = 2147483647;
			files = (
			);
			inputFileListPaths = (
				"${PODS_ROOT}/Target Support Files/Pods-SYNovelbb-SYNovelbbUITests/Pods-SYNovelbb-SYNovelbbUITests-resources-${CONFIGURATION}-input-files.xcfilelist",
			);
			name = "[CP] Copy Pods Resources";
			outputFileListPaths = (
				"${PODS_ROOT}/Target Support Files/Pods-SYNovelbb-SYNovelbbUITests/Pods-SYNovelbb-SYNovelbbUITests-resources-${CONFIGURATION}-output-files.xcfilelist",
			);
			runOnlyForDeploymentPostprocessing = 0;
			shellPath = /bin/sh;
			shellScript = "\"${PODS_ROOT}/Target Support Files/Pods-SYNovelbb-SYNovelbbUITests/Pods-SYNovelbb-SYNovelbbUITests-resources.sh\"\n";
			showEnvVarsInLog = 0;
		};
		CACADF8546ACE23386C67DA8 /* [CP] Check Pods Manifest.lock */ = {
			isa = PBXShellScriptBuildPhase;
			buildActionMask = 2147483647;
			files = (
			);
			inputFileListPaths = (
			);
			inputPaths = (
				"${PODS_PODFILE_DIR_PATH}/Podfile.lock",
				"${PODS_ROOT}/Manifest.lock",
			);
			name = "[CP] Check Pods Manifest.lock";
			outputFileListPaths = (
			);
			outputPaths = (
				"$(DERIVED_FILE_DIR)/Pods-SYNovelbb-SYNovelbbUITests-checkManifestLockResult.txt",
			);
			runOnlyForDeploymentPostprocessing = 0;
			shellPath = /bin/sh;
			shellScript = "diff \"${PODS_PODFILE_DIR_PATH}/Podfile.lock\" \"${PODS_ROOT}/Manifest.lock\" > /dev/null\nif [ $? != 0 ] ; then\n    # print error to STDERR\n    echo \"error: The sandbox is not in sync with the Podfile.lock. Run 'pod install' or update your CocoaPods installation.\" >&2\n    exit 1\nfi\n# This output is used by Xcode 'outputs' to avoid re-running this script phase.\necho \"SUCCESS\" > \"${SCRIPT_OUTPUT_FILE_0}\"\n";
			showEnvVarsInLog = 0;
		};
		E310E302D5BD07A934C09B2F /* [CP] Embed Pods Frameworks */ = {
			isa = PBXShellScriptBuildPhase;
			buildActionMask = 2147483647;
			files = (
			);
			inputFileListPaths = (
				"${PODS_ROOT}/Target Support Files/Pods-SYNovelbb-SYNovelbbUITests/Pods-SYNovelbb-SYNovelbbUITests-frameworks-${CONFIGURATION}-input-files.xcfilelist",
			);
			name = "[CP] Embed Pods Frameworks";
			outputFileListPaths = (
				"${PODS_ROOT}/Target Support Files/Pods-SYNovelbb-SYNovelbbUITests/Pods-SYNovelbb-SYNovelbbUITests-frameworks-${CONFIGURATION}-output-files.xcfilelist",
			);
			runOnlyForDeploymentPostprocessing = 0;
			shellPath = /bin/sh;
			shellScript = "\"${PODS_ROOT}/Target Support Files/Pods-SYNovelbb-SYNovelbbUITests/Pods-SYNovelbb-SYNovelbbUITests-frameworks.sh\"\n";
			showEnvVarsInLog = 0;
		};
/* End PBXShellScriptBuildPhase section */

/* Begin PBXSourcesBuildPhase section */
		7B99BC7524C80C80003FF4E1 /* Sources */ = {
			isa = PBXSourcesBuildPhase;
			buildActionMask = 2147483647;
			files = (
				7B847D1224CE9D4E00E9ADFD /* SYLibraryVC.swift in Sources */,
				7B847D0624CE798400E9ADFD /* SYGenderModel.swift in Sources */,
				7B34624824C982CA0090ACFF /* LogManager.swift in Sources */,
				7B3643CB24C91E8C0025B65B /* R.generated.swift in Sources */,
				7B99BCB224C82D88003FF4E1 /* SYApis.swift in Sources */,
				7B847D1C24CEBA3A00E9ADFD /* SYBaseBookModel.swift in Sources */,
				7B34623924C967CD0090ACFF /* SYFeaturedVC.swift in Sources */,
				7B3643D524C934C20025B65B /* UIDevice+Extension.swift in Sources */,
				7B34624324C97FB90090ACFF /* SYHomeVC.swift in Sources */,
				7B9739E824CAD47C00F36546 /* SYHomeNormalHeader.swift in Sources */,
				7B34623724C9668D0090ACFF /* SYBaseVC.swift in Sources */,
				7B3643DB24C955B50025B65B /* SYAppDelegate+log.swift in Sources */,
				7B99BCB724C83430003FF4E1 /* SYMoyaPlugins.swift in Sources */,
				7B96024C24CAE76C009FCACA /* SYBookStyle2Cell.swift in Sources */,
				7B3643CD24C922E60025B65B /* SYSingle+ModelMapper.swift in Sources */,
				7B847D1724CEAB2300E9ADFD /* SYLibraryEditHeader.swift in Sources */,
				7B34624A24C983920090ACFF /* SYBaseVM.swift in Sources */,
				7B3643D124C928920025B65B /* SYResponse+ModelMapper.swift in Sources */,
				7B847D0824CE7A4A00E9ADFD /* SYGenderIndexModel.swift in Sources */,
				7B3643D824C9524E0025B65B /* SYNavigationController.swift in Sources */,
				7B847D0224CE73B900E9ADFD /* SYGenderVM.swift in Sources */,
				7B813C6B24CA862A00614BF6 /* SYHomeSlideHeader.swift in Sources */,
				7B99BCBC24C843A9003FF4E1 /* SYTabBarController.swift in Sources */,
				7B847D1A24CEB4D000E9ADFD /* SYLibraryVM.swift in Sources */,
				7B3643CF24C9250C0025B65B /* SYResponseModel.swift in Sources */,
				7B34623424C95A560090ACFF /* UIColor+Extension.swift in Sources */,
				7B34625124C9899B0090ACFF /* SYPageModel.swift in Sources */,
				7B847CFA24CE606200E9ADFD /* SYBookStyle3Cell.swift in Sources */,
				7BA2E10424C995B60027A128 /* SYHomeModel.swift in Sources */,
				7B813C6924CA858D00614BF6 /* SYBookStyle1Cell.swift in Sources */,
				7B34625424C98BCC0090ACFF /* BehaviorRelay+Extension.swift in Sources */,
				7B847D2324CED67C00E9ADFD /* SYLibraryCell.swift in Sources */,
				7B34624C24C9871B0090ACFF /* SYHomeVM.swift in Sources */,
				7B99BC7D24C80C80003FF4E1 /* SYAppDelegate.swift in Sources */,
				7B847D0B24CE7E9C00E9ADFD /* SYGenderSlideHeader.swift in Sources */,
				7B99BCB524C8304A003FF4E1 /* SYAppConfigs.swift in Sources */,
				7B847CFF24CE733F00E9ADFD /* SYGenderVC.swift in Sources */,
				7B34624F24C987D50090ACFF /* SYRefreshServer.swift in Sources */,
				7B847D1524CEAB0C00E9ADFD /* SYLibrayNormalHeader.swift in Sources */,
				7B34625624C992730090ACFF /* SYIndexModel.swift in Sources */,
			);
			runOnlyForDeploymentPostprocessing = 0;
		};
		7B99BC8B24C80C81003FF4E1 /* Sources */ = {
			isa = PBXSourcesBuildPhase;
			buildActionMask = 2147483647;
			files = (
				7B99BC9424C80C81003FF4E1 /* SYNovelbbTests.swift in Sources */,
			);
			runOnlyForDeploymentPostprocessing = 0;
		};
		7B99BC9624C80C81003FF4E1 /* Sources */ = {
			isa = PBXSourcesBuildPhase;
			buildActionMask = 2147483647;
			files = (
				7B99BC9F24C80C81003FF4E1 /* SYNovelbbUITests.swift in Sources */,
			);
			runOnlyForDeploymentPostprocessing = 0;
		};
/* End PBXSourcesBuildPhase section */

/* Begin PBXTargetDependency section */
		7B99BC9124C80C81003FF4E1 /* PBXTargetDependency */ = {
			isa = PBXTargetDependency;
			target = 7B99BC7824C80C80003FF4E1 /* SYNovelbb */;
			targetProxy = 7B99BC9024C80C81003FF4E1 /* PBXContainerItemProxy */;
		};
		7B99BC9C24C80C81003FF4E1 /* PBXTargetDependency */ = {
			isa = PBXTargetDependency;
			target = 7B99BC7824C80C80003FF4E1 /* SYNovelbb */;
			targetProxy = 7B99BC9B24C80C81003FF4E1 /* PBXContainerItemProxy */;
		};
/* End PBXTargetDependency section */

/* Begin PBXVariantGroup section */
		7B99BC8724C80C81003FF4E1 /* LaunchScreen.storyboard */ = {
			isa = PBXVariantGroup;
			children = (
				7B99BC8824C80C81003FF4E1 /* Base */,
			);
			name = LaunchScreen.storyboard;
			sourceTree = "<group>";
		};
/* End PBXVariantGroup section */

/* Begin XCBuildConfiguration section */
		7B99BCA124C80C81003FF4E1 /* Debug */ = {
			isa = XCBuildConfiguration;
			buildSettings = {
				ALWAYS_SEARCH_USER_PATHS = NO;
				CLANG_ANALYZER_NONNULL = YES;
				CLANG_ANALYZER_NUMBER_OBJECT_CONVERSION = YES_AGGRESSIVE;
				CLANG_CXX_LANGUAGE_STANDARD = "gnu++14";
				CLANG_CXX_LIBRARY = "libc++";
				CLANG_ENABLE_MODULES = YES;
				CLANG_ENABLE_OBJC_ARC = YES;
				CLANG_ENABLE_OBJC_WEAK = YES;
				CLANG_WARN_BLOCK_CAPTURE_AUTORELEASING = YES;
				CLANG_WARN_BOOL_CONVERSION = YES;
				CLANG_WARN_COMMA = YES;
				CLANG_WARN_CONSTANT_CONVERSION = YES;
				CLANG_WARN_DEPRECATED_OBJC_IMPLEMENTATIONS = YES;
				CLANG_WARN_DIRECT_OBJC_ISA_USAGE = YES_ERROR;
				CLANG_WARN_DOCUMENTATION_COMMENTS = YES;
				CLANG_WARN_EMPTY_BODY = YES;
				CLANG_WARN_ENUM_CONVERSION = YES;
				CLANG_WARN_INFINITE_RECURSION = YES;
				CLANG_WARN_INT_CONVERSION = YES;
				CLANG_WARN_NON_LITERAL_NULL_CONVERSION = YES;
				CLANG_WARN_OBJC_IMPLICIT_RETAIN_SELF = YES;
				CLANG_WARN_OBJC_LITERAL_CONVERSION = YES;
				CLANG_WARN_OBJC_ROOT_CLASS = YES_ERROR;
				CLANG_WARN_RANGE_LOOP_ANALYSIS = YES;
				CLANG_WARN_STRICT_PROTOTYPES = YES;
				CLANG_WARN_SUSPICIOUS_MOVE = YES;
				CLANG_WARN_UNGUARDED_AVAILABILITY = YES_AGGRESSIVE;
				CLANG_WARN_UNREACHABLE_CODE = YES;
				CLANG_WARN__DUPLICATE_METHOD_MATCH = YES;
				COPY_PHASE_STRIP = NO;
				DEBUG_INFORMATION_FORMAT = dwarf;
				ENABLE_STRICT_OBJC_MSGSEND = YES;
				ENABLE_TESTABILITY = YES;
				GCC_C_LANGUAGE_STANDARD = gnu11;
				GCC_DYNAMIC_NO_PIC = NO;
				GCC_NO_COMMON_BLOCKS = YES;
				GCC_OPTIMIZATION_LEVEL = 0;
				GCC_PREPROCESSOR_DEFINITIONS = (
					"DEBUG=1",
					"$(inherited)",
				);
				GCC_WARN_64_TO_32_BIT_CONVERSION = YES;
				GCC_WARN_ABOUT_RETURN_TYPE = YES_ERROR;
				GCC_WARN_UNDECLARED_SELECTOR = YES;
				GCC_WARN_UNINITIALIZED_AUTOS = YES_AGGRESSIVE;
				GCC_WARN_UNUSED_FUNCTION = YES;
				GCC_WARN_UNUSED_VARIABLE = YES;
				IPHONEOS_DEPLOYMENT_TARGET = 13.6;
				MTL_ENABLE_DEBUG_INFO = INCLUDE_SOURCE;
				MTL_FAST_MATH = YES;
				ONLY_ACTIVE_ARCH = YES;
				SDKROOT = iphoneos;
				SWIFT_ACTIVE_COMPILATION_CONDITIONS = DEBUG;
				SWIFT_OPTIMIZATION_LEVEL = "-Onone";
			};
			name = Debug;
		};
		7B99BCA224C80C81003FF4E1 /* Release */ = {
			isa = XCBuildConfiguration;
			buildSettings = {
				ALWAYS_SEARCH_USER_PATHS = NO;
				CLANG_ANALYZER_NONNULL = YES;
				CLANG_ANALYZER_NUMBER_OBJECT_CONVERSION = YES_AGGRESSIVE;
				CLANG_CXX_LANGUAGE_STANDARD = "gnu++14";
				CLANG_CXX_LIBRARY = "libc++";
				CLANG_ENABLE_MODULES = YES;
				CLANG_ENABLE_OBJC_ARC = YES;
				CLANG_ENABLE_OBJC_WEAK = YES;
				CLANG_WARN_BLOCK_CAPTURE_AUTORELEASING = YES;
				CLANG_WARN_BOOL_CONVERSION = YES;
				CLANG_WARN_COMMA = YES;
				CLANG_WARN_CONSTANT_CONVERSION = YES;
				CLANG_WARN_DEPRECATED_OBJC_IMPLEMENTATIONS = YES;
				CLANG_WARN_DIRECT_OBJC_ISA_USAGE = YES_ERROR;
				CLANG_WARN_DOCUMENTATION_COMMENTS = YES;
				CLANG_WARN_EMPTY_BODY = YES;
				CLANG_WARN_ENUM_CONVERSION = YES;
				CLANG_WARN_INFINITE_RECURSION = YES;
				CLANG_WARN_INT_CONVERSION = YES;
				CLANG_WARN_NON_LITERAL_NULL_CONVERSION = YES;
				CLANG_WARN_OBJC_IMPLICIT_RETAIN_SELF = YES;
				CLANG_WARN_OBJC_LITERAL_CONVERSION = YES;
				CLANG_WARN_OBJC_ROOT_CLASS = YES_ERROR;
				CLANG_WARN_RANGE_LOOP_ANALYSIS = YES;
				CLANG_WARN_STRICT_PROTOTYPES = YES;
				CLANG_WARN_SUSPICIOUS_MOVE = YES;
				CLANG_WARN_UNGUARDED_AVAILABILITY = YES_AGGRESSIVE;
				CLANG_WARN_UNREACHABLE_CODE = YES;
				CLANG_WARN__DUPLICATE_METHOD_MATCH = YES;
				COPY_PHASE_STRIP = NO;
				DEBUG_INFORMATION_FORMAT = "dwarf-with-dsym";
				ENABLE_NS_ASSERTIONS = NO;
				ENABLE_STRICT_OBJC_MSGSEND = YES;
				GCC_C_LANGUAGE_STANDARD = gnu11;
				GCC_NO_COMMON_BLOCKS = YES;
				GCC_WARN_64_TO_32_BIT_CONVERSION = YES;
				GCC_WARN_ABOUT_RETURN_TYPE = YES_ERROR;
				GCC_WARN_UNDECLARED_SELECTOR = YES;
				GCC_WARN_UNINITIALIZED_AUTOS = YES_AGGRESSIVE;
				GCC_WARN_UNUSED_FUNCTION = YES;
				GCC_WARN_UNUSED_VARIABLE = YES;
				IPHONEOS_DEPLOYMENT_TARGET = 13.6;
				MTL_ENABLE_DEBUG_INFO = NO;
				MTL_FAST_MATH = YES;
				SDKROOT = iphoneos;
				SWIFT_COMPILATION_MODE = wholemodule;
				SWIFT_OPTIMIZATION_LEVEL = "-O";
				VALIDATE_PRODUCT = YES;
			};
			name = Release;
		};
		7B99BCA424C80C81003FF4E1 /* Debug */ = {
			isa = XCBuildConfiguration;
			baseConfigurationReference = BF4056E2A7DFF2964AAD32AF /* Pods-SYNovelbb.debug.xcconfig */;
			buildSettings = {
				ASSETCATALOG_COMPILER_APPICON_NAME = AppIcon;
				CODE_SIGN_IDENTITY = "iPhone Developer";
				CODE_SIGN_STYLE = Manual;
				CURRENT_PROJECT_VERSION = 1.1;
				DEFINES_MODULE = YES;
				DEVELOPMENT_TEAM = 2Z5WC9PKB7;
				INFOPLIST_FILE = SYNovelbb/Resources/Info.plist;
				IPHONEOS_DEPLOYMENT_TARGET = 10.0;
				LD_RUNPATH_SEARCH_PATHS = (
					"$(inherited)",
					"@executable_path/Frameworks",
				);
				MARKETING_VERSION = 1.1.4;
				PRODUCT_BUNDLE_IDENTIFIER = com.novelbb.reader;
				PRODUCT_NAME = Novelbb;
				PROVISIONING_PROFILE_SPECIFIER = Novelbb_dev_2020_07_07;
				SWIFT_OBJC_BRIDGING_HEADER = "$SRCROOT/SYNovelbb/Resources/SYNovelbb-Bridging-Header.h";
				SWIFT_VERSION = 5.0;
				TARGETED_DEVICE_FAMILY = 1;
			};
			name = Debug;
		};
		7B99BCA524C80C81003FF4E1 /* Release */ = {
			isa = XCBuildConfiguration;
			baseConfigurationReference = ECD1E6604FB17EF283C2A70F /* Pods-SYNovelbb.release.xcconfig */;
			buildSettings = {
				ASSETCATALOG_COMPILER_APPICON_NAME = AppIcon;
				CODE_SIGN_IDENTITY = "iPhone Developer";
				CODE_SIGN_STYLE = Manual;
				CURRENT_PROJECT_VERSION = 1.1;
				DEFINES_MODULE = YES;
				DEVELOPMENT_TEAM = 2Z5WC9PKB7;
				INFOPLIST_FILE = SYNovelbb/Resources/Info.plist;
				IPHONEOS_DEPLOYMENT_TARGET = 10.0;
				LD_RUNPATH_SEARCH_PATHS = (
					"$(inherited)",
					"@executable_path/Frameworks",
				);
				MARKETING_VERSION = 1.1.4;
				PRODUCT_BUNDLE_IDENTIFIER = com.novelbb.reader;
				PRODUCT_NAME = Novelbb;
				PROVISIONING_PROFILE_SPECIFIER = Novelbb_dev_2020_07_07;
				SWIFT_OBJC_BRIDGING_HEADER = "$SRCROOT/SYNovelbb/Resources/SYNovelbb-Bridging-Header.h";
				SWIFT_VERSION = 5.0;
				TARGETED_DEVICE_FAMILY = 1;
			};
			name = Release;
		};
		7B99BCA724C80C81003FF4E1 /* Debug */ = {
			isa = XCBuildConfiguration;
			baseConfigurationReference = F9376D676453C7578AF1EE76 /* Pods-SYNovelbbTests.debug.xcconfig */;
			buildSettings = {
				ALWAYS_EMBED_SWIFT_STANDARD_LIBRARIES = YES;
				BUNDLE_LOADER = "$(TEST_HOST)";
				CODE_SIGN_STYLE = Automatic;
				DEVELOPMENT_TEAM = N82XYB9GK8;
				INFOPLIST_FILE = SYNovelbbTests/Info.plist;
				IPHONEOS_DEPLOYMENT_TARGET = 13.6;
				LD_RUNPATH_SEARCH_PATHS = (
					"$(inherited)",
					"@executable_path/Frameworks",
					"@loader_path/Frameworks",
				);
				PRODUCT_BUNDLE_IDENTIFIER = com.quwang.SYNovelbbTests;
				PRODUCT_NAME = "$(TARGET_NAME)";
				SWIFT_VERSION = 5.0;
				TARGETED_DEVICE_FAMILY = "1,2";
				TEST_HOST = "$(BUILT_PRODUCTS_DIR)/SYNovelbb.app/SYNovelbb";
			};
			name = Debug;
		};
		7B99BCA824C80C81003FF4E1 /* Release */ = {
			isa = XCBuildConfiguration;
			baseConfigurationReference = E6C7116BFF8A8CFE1F1426D8 /* Pods-SYNovelbbTests.release.xcconfig */;
			buildSettings = {
				ALWAYS_EMBED_SWIFT_STANDARD_LIBRARIES = YES;
				BUNDLE_LOADER = "$(TEST_HOST)";
				CODE_SIGN_STYLE = Automatic;
				DEVELOPMENT_TEAM = N82XYB9GK8;
				INFOPLIST_FILE = SYNovelbbTests/Info.plist;
				IPHONEOS_DEPLOYMENT_TARGET = 13.6;
				LD_RUNPATH_SEARCH_PATHS = (
					"$(inherited)",
					"@executable_path/Frameworks",
					"@loader_path/Frameworks",
				);
				PRODUCT_BUNDLE_IDENTIFIER = com.quwang.SYNovelbbTests;
				PRODUCT_NAME = "$(TARGET_NAME)";
				SWIFT_VERSION = 5.0;
				TARGETED_DEVICE_FAMILY = "1,2";
				TEST_HOST = "$(BUILT_PRODUCTS_DIR)/SYNovelbb.app/SYNovelbb";
			};
			name = Release;
		};
		7B99BCAA24C80C81003FF4E1 /* Debug */ = {
			isa = XCBuildConfiguration;
			baseConfigurationReference = 427BB2E07AAE7B17F92A1C1D /* Pods-SYNovelbb-SYNovelbbUITests.debug.xcconfig */;
			buildSettings = {
				ALWAYS_EMBED_SWIFT_STANDARD_LIBRARIES = YES;
				CODE_SIGN_STYLE = Automatic;
				DEVELOPMENT_TEAM = N82XYB9GK8;
				INFOPLIST_FILE = SYNovelbbUITests/Info.plist;
				LD_RUNPATH_SEARCH_PATHS = (
					"$(inherited)",
					"@executable_path/Frameworks",
					"@loader_path/Frameworks",
				);
				PRODUCT_BUNDLE_IDENTIFIER = com.quwang.SYNovelbbUITests;
				PRODUCT_NAME = "$(TARGET_NAME)";
				SWIFT_VERSION = 5.0;
				TARGETED_DEVICE_FAMILY = "1,2";
				TEST_TARGET_NAME = SYNovelbb;
			};
			name = Debug;
		};
		7B99BCAB24C80C81003FF4E1 /* Release */ = {
			isa = XCBuildConfiguration;
			baseConfigurationReference = CE6468949C419153F8764CFB /* Pods-SYNovelbb-SYNovelbbUITests.release.xcconfig */;
			buildSettings = {
				ALWAYS_EMBED_SWIFT_STANDARD_LIBRARIES = YES;
				CODE_SIGN_STYLE = Automatic;
				DEVELOPMENT_TEAM = N82XYB9GK8;
				INFOPLIST_FILE = SYNovelbbUITests/Info.plist;
				LD_RUNPATH_SEARCH_PATHS = (
					"$(inherited)",
					"@executable_path/Frameworks",
					"@loader_path/Frameworks",
				);
				PRODUCT_BUNDLE_IDENTIFIER = com.quwang.SYNovelbbUITests;
				PRODUCT_NAME = "$(TARGET_NAME)";
				SWIFT_VERSION = 5.0;
				TARGETED_DEVICE_FAMILY = "1,2";
				TEST_TARGET_NAME = SYNovelbb;
			};
			name = Release;
		};
/* End XCBuildConfiguration section */

/* Begin XCConfigurationList section */
		7B99BC7424C80C80003FF4E1 /* Build configuration list for PBXProject "SYNovelbb" */ = {
			isa = XCConfigurationList;
			buildConfigurations = (
				7B99BCA124C80C81003FF4E1 /* Debug */,
				7B99BCA224C80C81003FF4E1 /* Release */,
			);
			defaultConfigurationIsVisible = 0;
			defaultConfigurationName = Release;
		};
		7B99BCA324C80C81003FF4E1 /* Build configuration list for PBXNativeTarget "SYNovelbb" */ = {
			isa = XCConfigurationList;
			buildConfigurations = (
				7B99BCA424C80C81003FF4E1 /* Debug */,
				7B99BCA524C80C81003FF4E1 /* Release */,
			);
			defaultConfigurationIsVisible = 0;
			defaultConfigurationName = Release;
		};
		7B99BCA624C80C81003FF4E1 /* Build configuration list for PBXNativeTarget "SYNovelbbTests" */ = {
			isa = XCConfigurationList;
			buildConfigurations = (
				7B99BCA724C80C81003FF4E1 /* Debug */,
				7B99BCA824C80C81003FF4E1 /* Release */,
			);
			defaultConfigurationIsVisible = 0;
			defaultConfigurationName = Release;
		};
		7B99BCA924C80C81003FF4E1 /* Build configuration list for PBXNativeTarget "SYNovelbbUITests" */ = {
			isa = XCConfigurationList;
			buildConfigurations = (
				7B99BCAA24C80C81003FF4E1 /* Debug */,
				7B99BCAB24C80C81003FF4E1 /* Release */,
			);
			defaultConfigurationIsVisible = 0;
			defaultConfigurationName = Release;
		};
/* End XCConfigurationList section */
	};
	rootObject = 7B99BC7124C80C80003FF4E1 /* Project object */;
}
